github.com/shishir1290/gsocketio v0.1.0 h1:JWpdtmcxKzcRlNnUj637QseZj5P7a/XZNM5uMDrzhL0=
github.com/shishir1290/gsocketio v0.1.0/go.mod h1:Hn598h0jVsbdSl+FyeSVzoZ0k7izW97jmQ+SkSdvbk4=
github.com/shishir1290/gsocketio v1.0.1 h1:zHLo4FI2XDBNocHOn09RPvQq80qKeeSNU/lwXEku3As=
github.com/shishir1290/gsocketio v1.0.1/go.mod h1:Hn598h0jVsbdSl+FyeSVzoZ0k7izW97jmQ+SkSdvbk4=
github.com/shishir1290/gsocketio v1.0.2 h1:yatIwwVJrYJfqiI+Ta4fl5qB2kVvtpS4I0ebCjpAzjk=
github.com/shishir1290/gsocketio v1.0.2/go.mod h1:Hn598h0jVsbdSl+FyeSVzoZ0k7izW97jmQ+SkSdvbk4=
